
Microsoft Visual Studio Solution File, Format Version 12.00
# Visual Studio Version 17
VisualStudioVersion = 17.7.34221.43
MinimumVisualStudioVersion = 10.0.40219.1
Project("{FAE04EC0-301F-11D3-BF4B-00C04F79EFBC}") = "LPTtoUSB Converter", "LPTtoUSB Converter\LPTtoUSB Converter.csproj", "{0A4386E6-D34E-4321-BFA2-7C89864E3229}"
EndProject
Project("{54435603-DBB4-11D2-8724-00A0C9A8B90C}") = "LPTtoUSB Converter Setup", "LPTtoUSB Converter Setup\LPTtoUSB Converter Setup.vdproj", "{3FF8BEDC-46E7-417A-A7A5-A8620DBCBC28}"
EndProject
Global
	GlobalSection(SolutionConfigurationPlatforms) = preSolution
		Debug|Any CPU = Debug|Any CPU
		Release|Any CPU = Release|Any CPU
	EndGlobalSection
	GlobalSection(ProjectConfigurationPlatforms) = postSolution
		{0A4386E6-D34E-4321-BFA2-7C89864E3229}.Debug|Any CPU.ActiveCfg = Debug|Any CPU
		{0A4386E6-D34E-4321-BFA2-7C89864E3229}.Debug|Any CPU.Build.0 = Debug|Any CPU
		{0A4386E6-D34E-4321-BFA2-7C89864E3229}.Release|Any CPU.ActiveCfg = Release|Any CPU
		{0A4386E6-D34E-4321-BFA2-7C89864E3229}.Release|Any CPU.Build.0 = Release|Any CPU
		{3FF8BEDC-46E7-417A-A7A5-A8620DBCBC28}.Debug|Any CPU.ActiveCfg = Debug
		{3FF8BEDC-46E7-417A-A7A5-A8620DBCBC28}.Release|Any CPU.ActiveCfg = Release
	EndGlobalSection
	GlobalSection(SolutionProperties) = preSolution
		HideSolutionNode = FALSE
	EndGlobalSection
	GlobalSection(ExtensibilityGlobals) = postSolution
		SolutionGuid = {812A635B-D113-4588-A3F8-A7D3E86052C8}
	EndGlobalSection
EndGlobal
